
Microsoft Visual Studio Solution File, Format Version 12.00
# Visual Studio Version 17
VisualStudioVersion = 17.8.34511.84
MinimumVisualStudioVersion = 10.0.40219.1
Project("{FAE04EC0-301F-11D3-BF4B-00C04F79EFBC}") = "Assignment-1-elect", "Assignment-1-elect\Assignment-1-elect.csproj", "{A108A621-FCDF-4FE0-A0F7-94C5B435F723}"
EndProject
Global
	GlobalSection(SolutionConfigurationPlatforms) = preSolution
		Debug|Any CPU = Debug|Any CPU
		Release|Any CPU = Release|Any CPU
	EndGlobalSection
	GlobalSection(ProjectConfigurationPlatforms) = postSolution
		{A108A621-FCDF-4FE0-A0F7-94C5B435F723}.Debug|Any CPU.ActiveCfg = Debug|Any CPU
		{A108A621-FCDF-4FE0-A0F7-94C5B435F723}.Debug|Any CPU.Build.0 = Debug|Any CPU
		{A108A621-FCDF-4FE0-A0F7-94C5B435F723}.Release|Any CPU.ActiveCfg = Release|Any CPU
		{A108A621-FCDF-4FE0-A0F7-94C5B435F723}.Release|Any CPU.Build.0 = Release|Any CPU
	EndGlobalSection
	GlobalSection(SolutionProperties) = preSolution
		HideSolutionNode = FALSE
	EndGlobalSection
	GlobalSection(ExtensibilityGlobals) = postSolution
		SolutionGuid = {365AF707-19E5-4DDC-BE89-E29D9E6C024B}
	EndGlobalSection
EndGlobal
